{
  "name": "jsverify",
  "version": "0.8.3",
  "lockfileVersion": 1,
  "requires": true,
  "dependencies": {
    "assert": {
      "version": "1.4.1",
      "resolved": "https://registry.npmjs.org/assert/-/assert-1.4.1.tgz",
      "integrity": "sha1-mZEtWRg2tab1s0XA8H7vwI/GXZE=",
      "requires": {
        "util": "git+https://github.com/defunctzombie/node-util.git#d759c8c4ae4f567fcc84f375ae4eff5d8e0b3b34"
      }
    },
    "inherits": {
      "version": "2.0.3",
      "resolved": "https://registry.npmjs.org/inherits/-/inherits-2.0.3.tgz",
      "integrity": "sha1-Yzwsg+PaQqUC9SRmAiSA9CCCYd4="
    },
    "util": {
      "version": "git+https://github.com/defunctzombie/node-util.git#d759c8c4ae4f567fcc84f375ae4eff5d8e0b3b34",
      "requires": {
        "inherits": "2.0.3"
      }
    }
  }
}
